
Microsoft Visual Studio Solution File, Format Version 12.00
# Visual Studio Version 17
VisualStudioVersion = 17.11.35327.3
MinimumVisualStudioVersion = 10.0.40219.1
Project("{FAE04EC0-301F-11D3-BF4B-00C04F79EFBC}") = "CapaPresentacion", "ProyectoCapas\CapaPresentacion.csproj", "{96A592D4-6E5F-4488-B488-AE464C0FB26B}"
EndProject
Project("{FAE04EC0-301F-11D3-BF4B-00C04F79EFBC}") = "CapaDatos", "CapaDatos\CapaDatos.csproj", "{62044767-A205-4AD1-AC90-E51430CA1AB8}"
EndProject
Project("{FAE04EC0-301F-11D3-BF4B-00C04F79EFBC}") = "CapaNegocio", "CapaNegocio\CapaNegocio.csproj", "{4D3D5798-7950-42C6-92AD-D758D2032875}"
EndProject
Global
	GlobalSection(SolutionConfigurationPlatforms) = preSolution
		Debug|Any CPU = Debug|Any CPU
		Release|Any CPU = Release|Any CPU
	EndGlobalSection
	GlobalSection(ProjectConfigurationPlatforms) = postSolution
		{96A592D4-6E5F-4488-B488-AE464C0FB26B}.Debug|Any CPU.ActiveCfg = Debug|Any CPU
		{96A592D4-6E5F-4488-B488-AE464C0FB26B}.Debug|Any CPU.Build.0 = Debug|Any CPU
		{96A592D4-6E5F-4488-B488-AE464C0FB26B}.Release|Any CPU.ActiveCfg = Release|Any CPU
		{96A592D4-6E5F-4488-B488-AE464C0FB26B}.Release|Any CPU.Build.0 = Release|Any CPU
		{62044767-A205-4AD1-AC90-E51430CA1AB8}.Debug|Any CPU.ActiveCfg = Debug|Any CPU
		{62044767-A205-4AD1-AC90-E51430CA1AB8}.Debug|Any CPU.Build.0 = Debug|Any CPU
		{62044767-A205-4AD1-AC90-E51430CA1AB8}.Release|Any CPU.ActiveCfg = Release|Any CPU
		{62044767-A205-4AD1-AC90-E51430CA1AB8}.Release|Any CPU.Build.0 = Release|Any CPU
		{4D3D5798-7950-42C6-92AD-D758D2032875}.Debug|Any CPU.ActiveCfg = Debug|Any CPU
		{4D3D5798-7950-42C6-92AD-D758D2032875}.Debug|Any CPU.Build.0 = Debug|Any CPU
		{4D3D5798-7950-42C6-92AD-D758D2032875}.Release|Any CPU.ActiveCfg = Release|Any CPU
		{4D3D5798-7950-42C6-92AD-D758D2032875}.Release|Any CPU.Build.0 = Release|Any CPU
	EndGlobalSection
	GlobalSection(SolutionProperties) = preSolution
		HideSolutionNode = FALSE
	EndGlobalSection
	GlobalSection(ExtensibilityGlobals) = postSolution
		SolutionGuid = {B176C174-4DFA-4C9E-B9DC-002235A7C520}
	EndGlobalSection
EndGlobal
